{
    "_readme": [
        "This file locks the dependencies of your project to a known state",
        "Read more about it at https://getcomposer.org/doc/01-basic-usage.md#installing-dependencies",
        "This file is @generated automatically"
    ],
    "content-hash": "984f331444e378793486ceba7dd57c0c",
    "packages": [],
    "packages-dev": [
        {
            "name": "jawira/plantuml",
            "version": "v1.42.0",
            "source": {
                "type": "git",
                "url": "https://github.com/jawira/plantuml.git",
                "reference": "e74b1b3c528b3a7da46e19feee109a6e7b75e73a"
            },
            "dist": {
                "type": "zip",
                "url": "https://api.github.com/repos/jawira/plantuml/zipball/e74b1b3c528b3a7da46e19feee109a6e7b75e73a",
                "reference": "e74b1b3c528b3a7da46e19feee109a6e7b75e73a",
                "shasum": ""
            },
            "suggest": {
                "pds/skeleton": "Standard PHP package skeleton",
                "phing/phing": "PHP Build Tool"
            },
            "bin": [
                "bin/plantuml"
            ],
            "type": "library",
            "notification-url": "https://packagist.org/downloads/",
            "license": [
                "GPL-3.0-or-later"
            ],
            "authors": [
                {
                    "name": "Jawira Portugal"
                }
            ],
            "description": "Provides PlantUML integration: plantuml executable and plantuml.jar",
            "keywords": [
                "diagram",
                "plantuml",
                "plantuml.jar",
                "uml"
            ],
            "time": "2020-09-20T02:05:57+00:00"
        },
        {
            "name": "league/mime-type-detection",
            "version": "1.5.0",
            "source": {
                "type": "git",
                "url": "https://github.com/thephpleague/mime-type-detection.git",
                "reference": "ea2fbfc988bade315acd5967e6d02274086d0f28"
            },
            "dist": {
                "type": "zip",
                "url": "https://api.github.com/repos/thephpleague/mime-type-detection/zipball/ea2fbfc988bade315acd5967e6d02274086d0f28",
                "reference": "ea2fbfc988bade315acd5967e6d02274086d0f28",
                "shasum": ""
            },
            "require": {
                "ext-fileinfo": "*",
                "php": "^7.2 || ^8.0"
            },
            "require-dev": {
                "phpstan/phpstan": "^0.12.36",
                "phpunit/phpunit": "^8.5.8"
            },
            "type": "library",
            "autoload": {
                "psr-4": {
                    "League\\MimeTypeDetection\\": "src"
                }
            },
            "notification-url": "https://packagist.org/downloads/",
            "license": [
                "MIT"
            ],
            "authors": [
                {
                    "name": "Frank de Jonge",
                    "email": "info@frankdejonge.nl"
                }
            ],
            "description": "Mime-type detection for Flysystem",
            "time": "2020-09-21T18:10:53+00:00"
        },
        {
            "name": "league/pipeline",
            "version": "1.0.0",
            "source": {
                "type": "git",
                "url": "https://github.com/thephpleague/pipeline.git",
                "reference": "aa14b0e3133121f8be39e9a3b6ddd011fc5bb9a8"
            },
            "dist": {
                "type": "zip",
                "url": "https://api.github.com/repos/thephpleague/pipeline/zipball/aa14b0e3133121f8be39e9a3b6ddd011fc5bb9a8",
                "reference": "aa14b0e3133121f8be39e9a3b6ddd011fc5bb9a8",
                "shasum": ""
            },
            "require": {
                "php": ">=7.1"
            },
            "require-dev": {
                "leanphp/phpspec-code-coverage": "^4.2",
                "phpspec/phpspec": "^4.3"
            },
            "type": "library",
            "autoload": {
                "psr-4": {
                    "League\\Pipeline\\": "src"
                }
            },
            "notification-url": "https://packagist.org/downloads/",
            "license": [
                "MIT"
            ],
            "authors": [
                {
                    "name": "Frank de Jonge",
                    "email": "info@frenky.net",
                    "role": "Author"
                },
                {
                    "name": "Woody Gilk",
                    "email": "woody.gilk@gmail.com",
                    "role": "Maintainer"
                }
            ],
            "description": "A plug and play pipeline implementation.",
            "keywords": [
                "composition",
                "design pattern",
                "pattern",
                "pipeline",
                "sequential"
            ],
            "time": "2018-06-05T21:06:51+00:00"
        },
        {
            "name": "nikic/php-parser",
            "version": "v4.10.0",
            "source": {
                "type": "git",
                "url": "https://github.com/nikic/PHP-Parser.git",
                "reference": "1c13d05035deff45f1230ca68bd7d74d621762d9"
            },
            "dist": {
                "type": "zip",
                "url": "https://api.github.com/repos/nikic/PHP-Parser/zipball/1c13d05035deff45f1230ca68bd7d74d621762d9",
                "reference": "1c13d05035deff45f1230ca68bd7d74d621762d9",
                "shasum": ""
            },
            "require": {
                "ext-tokenizer": "*",
                "php": ">=7.0"
            },
            "require-dev": {
                "ircmaxell/php-yacc": "^0.0.7",
                "phpunit/phpunit": "^6.5 || ^7.0 || ^8.0 || ^9.0"
            },
            "bin": [
                "bin/php-parse"
            ],
            "type": "library",
            "extra": {
                "branch-alias": {
                    "dev-master": "4.9-dev"
                }
            },
            "autoload": {
                "psr-4": {
                    "PhpParser\\": "lib/PhpParser"
                }
            },
            "notification-url": "https://packagist.org/downloads/",
            "license": [
                "BSD-3-Clause"
            ],
            "authors": [
                {
                    "name": "Nikita Popov"
                }
            ],
            "description": "A PHP parser written in PHP",
            "keywords": [
                "parser",
                "php"
            ],
            "time": "2020-09-19T14:52:48+00:00"
        },
        {
            "name": "phpdocumentor/reflection",
            "version": "4.0.1",
            "source": {
                "type": "git",
                "url": "https://github.com/phpDocumentor/Reflection.git",
                "reference": "447928a45710d6313e68774cf12b5f730b909baa"
            },
            "dist": {
                "type": "zip",
                "url": "https://api.github.com/repos/phpDocumentor/Reflection/zipball/447928a45710d6313e68774cf12b5f730b909baa",
                "reference": "447928a45710d6313e68774cf12b5f730b909baa",
                "shasum": ""
            },
            "require": {
                "nikic/php-parser": "^4.0",
                "php": ">=7.2",
                "phpdocumentor/reflection-common": "^2.0",
                "phpdocumentor/reflection-docblock": "^5",
                "phpdocumentor/type-resolver": "^1.0",
                "psr/log": "~1.0",
                "webmozart/assert": "^1.0"
            },
            "require-dev": {
                "mikey179/vfsstream": "~1.2",
                "mockery/mockery": "~1.0"
            },
            "type": "library",
            "extra": {
                "branch-alias": {
                    "dev-4.x": "4.1.x-dev"
                }
            },
            "autoload": {
                "psr-4": {
                    "phpDocumentor\\": "src/phpDocumentor"
                }
            },
            "notification-url": "https://packagist.org/downloads/",
            "license": [
                "MIT"
            ],
            "description": "Reflection library to do Static Analysis for PHP Projects",
            "homepage": "http://www.phpdoc.org",
            "keywords": [
                "phpDocumentor",
                "phpdoc",
                "reflection",
                "static analysis"
            ],
            "time": "2020-06-19T18:26:14+00:00"
        },
        {
            "name": "phpdocumentor/reflection-common",
            "version": "2.2.0",
            "source": {
                "type": "git",
                "url": "https://github.com/phpDocumentor/ReflectionCommon.git",
                "reference": "1d01c49d4ed62f25aa84a747ad35d5a16924662b"
            },
            "dist": {
                "type": "zip",
                "url": "https://api.github.com/repos/phpDocumentor/ReflectionCommon/zipball/1d01c49d4ed62f25aa84a747ad35d5a16924662b",
                "reference": "1d01c49d4ed62f25aa84a747ad35d5a16924662b",
                "shasum": ""
            },
            "require": {
                "php": "^7.2 || ^8.0"
            },
            "type": "library",
            "extra": {
                "branch-alias": {
                    "dev-2.x": "2.x-dev"
                }
            },
            "autoload": {
                "psr-4": {
                    "phpDocumentor\\Reflection\\": "src/"
                }
            },
            "notification-url": "https://packagist.org/downloads/",
            "license": [
                "MIT"
            ],
            "authors": [
                {
                    "name": "Jaap van Otterdijk",
                    "email": "opensource@ijaap.nl"
                }
            ],
            "description": "Common reflection classes used by phpdocumentor to reflect the code structure",
            "homepage": "http://www.phpdoc.org",
            "keywords": [
                "FQSEN",
                "phpDocumentor",
                "phpdoc",
                "reflection",
                "static analysis"
            ],
            "time": "2020-06-27T09:03:43+00:00"
        },
        {
            "name": "phpdocumentor/reflection-docblock",
            "version": "5.2.2",
            "source": {
                "type": "git",
                "url": "https://github.com/phpDocumentor/ReflectionDocBlock.git",
                "reference": "069a785b2141f5bcf49f3e353548dc1cce6df556"
            },
            "dist": {
                "type": "zip",
                "url": "https://api.github.com/repos/phpDocumentor/ReflectionDocBlock/zipball/069a785b2141f5bcf49f3e353548dc1cce6df556",
                "reference": "069a785b2141f5bcf49f3e353548dc1cce6df556",
                "shasum": ""
            },
            "require": {
                "ext-filter": "*",
                "php": "^7.2 || ^8.0",
                "phpdocumentor/reflection-common": "^2.2",
                "phpdocumentor/type-resolver": "^1.3",
                "webmozart/assert": "^1.9.1"
            },
            "require-dev": {
                "mockery/mockery": "~1.3.2"
            },
            "type": "library",
            "extra": {
                "branch-alias": {
                    "dev-master": "5.x-dev"
                }
            },
            "autoload": {
                "psr-4": {
                    "phpDocumentor\\Reflection\\": "src"
                }
            },
            "notification-url": "https://packagist.org/downloads/",
            "license": [
                "MIT"
            ],
            "authors": [
                {
                    "name": "Mike van Riel",
                    "email": "me@mikevanriel.com"
                },
                {
                    "name": "Jaap van Otterdijk",
                    "email": "account@ijaap.nl"
                }
            ],
            "description": "With this component, a library can provide support for annotations via DocBlocks or otherwise retrieve information that is embedded in a DocBlock.",
            "time": "2020-09-03T19:13:55+00:00"
        },
        {
            "name": "phpdocumentor/type-resolver",
            "version": "1.4.0",
            "source": {
                "type": "git",
                "url": "https://github.com/phpDocumentor/TypeResolver.git",
                "reference": "6a467b8989322d92aa1c8bf2bebcc6e5c2ba55c0"
            },
            "dist": {
                "type": "zip",
                "url": "https://api.github.com/repos/phpDocumentor/TypeResolver/zipball/6a467b8989322d92aa1c8bf2bebcc6e5c2ba55c0",
                "reference": "6a467b8989322d92aa1c8bf2bebcc6e5c2ba55c0",
                "shasum": ""
            },
            "require": {
                "php": "^7.2 || ^8.0",
                "phpdocumentor/reflection-common": "^2.0"
            },
            "require-dev": {
                "ext-tokenizer": "*"
            },
            "type": "library",
            "extra": {
                "branch-alias": {
                    "dev-1.x": "1.x-dev"
                }
            },
            "autoload": {
                "psr-4": {
                    "phpDocumentor\\Reflection\\": "src"
                }
            },
            "notification-url": "https://packagist.org/downloads/",
            "license": [
                "MIT"
            ],
            "authors": [
                {
                    "name": "Mike van Riel",
                    "email": "me@mikevanriel.com"
                }
            ],
            "description": "A PSR-5 based resolver of Class names, Types and Structural Element Names",
            "time": "2020-09-17T18:55:26+00:00"
        },
        {
            "name": "psr/log",
            "version": "1.1.3",
            "source": {
                "type": "git",
                "url": "https://github.com/php-fig/log.git",
                "reference": "0f73288fd15629204f9d42b7055f72dacbe811fc"
            },
            "dist": {
                "type": "zip",
                "url": "https://api.github.com/repos/php-fig/log/zipball/0f73288fd15629204f9d42b7055f72dacbe811fc",
                "reference": "0f73288fd15629204f9d42b7055f72dacbe811fc",
                "shasum": ""
            },
            "require": {
                "php": ">=5.3.0"
            },
            "type": "library",
            "extra": {
                "branch-alias": {
                    "dev-master": "1.1.x-dev"
                }
            },
            "autoload": {
                "psr-4": {
                    "Psr\\Log\\": "Psr/Log/"
                }
            },
            "notification-url": "https://packagist.org/downloads/",
            "license": [
                "MIT"
            ],
            "authors": [
                {
                    "name": "PHP-FIG",
                    "homepage": "http://www.php-fig.org/"
                }
            ],
            "description": "Common interface for logging libraries",
            "homepage": "https://github.com/php-fig/log",
            "keywords": [
                "log",
                "psr",
                "psr-3"
            ],
            "time": "2020-03-23T09:12:05+00:00"
        },
        {
            "name": "symfony/flex",
            "version": "v1.9.4",
            "source": {
                "type": "git",
                "url": "https://github.com/symfony/flex.git",
                "reference": "115e67f76ba95d70946a6e0b15d4578bf04927c3"
            },
            "dist": {
                "type": "zip",
                "url": "https://api.github.com/repos/symfony/flex/zipball/115e67f76ba95d70946a6e0b15d4578bf04927c3",
                "reference": "115e67f76ba95d70946a6e0b15d4578bf04927c3",
                "shasum": ""
            },
            "require": {
                "composer-plugin-api": "^1.0|^2.0",
                "php": ">=7.1"
            },
            "require-dev": {
                "composer/composer": "^1.0.2|^2.0",
                "symfony/dotenv": "^4.4|^5.0",
                "symfony/phpunit-bridge": "^4.4|^5.0",
                "symfony/process": "^3.4|^4.4|^5.0"
            },
            "type": "composer-plugin",
            "extra": {
                "branch-alias": {
                    "dev-master": "1.8-dev"
                },
                "class": "Symfony\\Flex\\Flex"
            },
            "autoload": {
                "psr-4": {
                    "Symfony\\Flex\\": "src"
                }
            },
            "notification-url": "https://packagist.org/downloads/",
            "license": [
                "MIT"
            ],
            "authors": [
                {
                    "name": "Fabien Potencier",
                    "email": "fabien.potencier@gmail.com"
                }
            ],
            "description": "Composer plugin for Symfony",
            "time": "2020-09-14T14:58:36+00:00"
        },
        {
            "name": "symfony/polyfill-ctype",
            "version": "v1.18.1",
            "source": {
                "type": "git",
                "url": "https://github.com/symfony/polyfill-ctype.git",
                "reference": "1c302646f6efc070cd46856e600e5e0684d6b454"
            },
            "dist": {
                "type": "zip",
                "url": "https://api.github.com/repos/symfony/polyfill-ctype/zipball/1c302646f6efc070cd46856e600e5e0684d6b454",
                "reference": "1c302646f6efc070cd46856e600e5e0684d6b454",
                "shasum": ""
            },
            "require": {
                "php": ">=5.3.3"
            },
            "suggest": {
                "ext-ctype": "For best performance"
            },
            "type": "library",
            "extra": {
                "branch-alias": {
                    "dev-master": "1.18-dev"
                },
                "thanks": {
                    "name": "symfony/polyfill",
                    "url": "https://github.com/symfony/polyfill"
                }
            },
            "autoload": {
                "psr-4": {
                    "Symfony\\Polyfill\\Ctype\\": ""
                },
                "files": [
                    "bootstrap.php"
                ]
            },
            "notification-url": "https://packagist.org/downloads/",
            "license": [
                "MIT"
            ],
            "authors": [
                {
                    "name": "Gert de Pagter",
                    "email": "BackEndTea@gmail.com"
                },
                {
                    "name": "Symfony Community",
                    "homepage": "https://symfony.com/contributors"
                }
            ],
            "description": "Symfony polyfill for ctype functions",
            "homepage": "https://symfony.com",
            "keywords": [
                "compatibility",
                "ctype",
                "polyfill",
                "portable"
            ],
            "time": "2020-07-14T12:35:20+00:00"
        },
        {
            "name": "webmozart/assert",
            "version": "1.9.1",
            "source": {
                "type": "git",
                "url": "https://github.com/webmozart/assert.git",
                "reference": "bafc69caeb4d49c39fd0779086c03a3738cbb389"
            },
            "dist": {
                "type": "zip",
                "url": "https://api.github.com/repos/webmozart/assert/zipball/bafc69caeb4d49c39fd0779086c03a3738cbb389",
                "reference": "bafc69caeb4d49c39fd0779086c03a3738cbb389",
                "shasum": ""
            },
            "require": {
                "php": "^5.3.3 || ^7.0 || ^8.0",
                "symfony/polyfill-ctype": "^1.8"
            },
            "conflict": {
                "phpstan/phpstan": "<0.12.20",
                "vimeo/psalm": "<3.9.1"
            },
            "require-dev": {
                "phpunit/phpunit": "^4.8.36 || ^7.5.13"
            },
            "type": "library",
            "autoload": {
                "psr-4": {
                    "Webmozart\\Assert\\": "src/"
                }
            },
            "notification-url": "https://packagist.org/downloads/",
            "license": [
                "MIT"
            ],
            "authors": [
                {
                    "name": "Bernhard Schussek",
                    "email": "bschussek@gmail.com"
                }
            ],
            "description": "Assertions to validate method input/output with nice error messages.",
            "keywords": [
                "assert",
                "check",
                "validate"
            ],
            "time": "2020-07-08T17:02:28+00:00"
        }
    ],
    "aliases": [],
    "minimum-stability": "stable",
    "stability-flags": [],
    "prefer-stable": false,
    "prefer-lowest": false,
    "platform": [],
    "platform-dev": []
}
